
Microsoft Visual Studio Solution File, Format Version 12.00
# Visual Studio Version 17
VisualStudioVersion = 17.3.32929.385
MinimumVisualStudioVersion = 10.0.40219.1
Project("{FAE04EC0-301F-11D3-BF4B-00C04F79EFBC}") = "Y09.Energy.Gateway.Stw.PurtelApi", "Y09.Energy.Gateway.Stw.PurtelApi\Y09.Energy.Gateway.Stw.PurtelApi.csproj", "{463A0C91-F9A8-461D-B7DD-C89F9AACDA9B}"
EndProject
Global
	GlobalSection(SolutionConfigurationPlatforms) = preSolution
		Debug|Any CPU = Debug|Any CPU
		Release|Any CPU = Release|Any CPU
	EndGlobalSection
	GlobalSection(ProjectConfigurationPlatforms) = postSolution
		{463A0C91-F9A8-461D-B7DD-C89F9AACDA9B}.Debug|Any CPU.ActiveCfg = Debug|Any CPU
		{463A0C91-F9A8-461D-B7DD-C89F9AACDA9B}.Debug|Any CPU.Build.0 = Debug|Any CPU
		{463A0C91-F9A8-461D-B7DD-C89F9AACDA9B}.Release|Any CPU.ActiveCfg = Release|Any CPU
		{463A0C91-F9A8-461D-B7DD-C89F9AACDA9B}.Release|Any CPU.Build.0 = Release|Any CPU
	EndGlobalSection
	GlobalSection(SolutionProperties) = preSolution
		HideSolutionNode = FALSE
	EndGlobalSection
	GlobalSection(ExtensibilityGlobals) = postSolution
		SolutionGuid = {C2B8E928-1B7E-466B-877E-DA1A32B3D9B1}
	EndGlobalSection
EndGlobal
